
Microsoft Visual Studio Solution File, Format Version 12.00
# Visual Studio Version 17
VisualStudioVersion = 17.9.34622.214
MinimumVisualStudioVersion = 10.0.40219.1
Project("{2150E333-8FDC-42A3-9474-1A3956D46DE8}") = "API", "API", "{E0691A47-4C8F-4202-B1FE-17A600BF8EB9}"
EndProject
Project("{9A19103F-16F7-4668-BE54-9A1E7A4F7556}") = "ProjectManagement.API", "ProjectManagement.API\ProjectManagement.API.csproj", "{0FF04C3E-C265-480C-A041-5A0C527546C5}"
EndProject
Project("{9A19103F-16F7-4668-BE54-9A1E7A4F7556}") = "ProjectManagement.Application", "ProjectManagement.Application\ProjectManagement.Application.csproj", "{C2450851-A8FA-4D13-B6A8-69A88B1555EB}"
EndProject
Project("{9A19103F-16F7-4668-BE54-9A1E7A4F7556}") = "ProjectManagement.Domain", "ProjectManagement.Domain\ProjectManagement.Domain.csproj", "{2D3D3CEF-F46C-409D-9DDF-C8B178310CF7}"
EndProject
Project("{9A19103F-16F7-4668-BE54-9A1E7A4F7556}") = "ProjectManagement.Infrastructure", "ProjectManagement.Infrastructure\ProjectManagement.Infrastructure.csproj", "{B16DFFD0-2440-4F39-A176-2A84C0D3677C}"
EndProject
Project("{9A19103F-16F7-4668-BE54-9A1E7A4F7556}") = "ProjectManagement.Shared", "ProjectManagement.Shared\ProjectManagement.Shared.csproj", "{7122E864-2748-4B50-BA21-3883B61A53EF}"
EndProject
Project("{9A19103F-16F7-4668-BE54-9A1E7A4F7556}") = "ProjectManagement.Utilities", "ProjectManagement.Utilities\ProjectManagement.Utilities.csproj", "{9098EEC1-2DDA-4444-828A-1655F4B83D4F}"
EndProject
Project("{2150E333-8FDC-42A3-9474-1A3956D46DE8}") = "DB", "DB", "{7C90DB7B-4296-4DEF-842A-94AFEC2DF57F}"
EndProject
Project("{00D1A9C2-B5F0-4AF3-8072-F6C62B433612}") = "ProjectManagement.SQL", "ProjectManagement.SQL\ProjectManagement.SQL.sqlproj", "{DFA319C0-FBCC-48EC-A51A-756C07610B54}"
EndProject
Global
	GlobalSection(SolutionConfigurationPlatforms) = preSolution
		Debug|Any CPU = Debug|Any CPU
		Release|Any CPU = Release|Any CPU
	EndGlobalSection
	GlobalSection(ProjectConfigurationPlatforms) = postSolution
		{0FF04C3E-C265-480C-A041-5A0C527546C5}.Debug|Any CPU.ActiveCfg = Debug|Any CPU
		{0FF04C3E-C265-480C-A041-5A0C527546C5}.Debug|Any CPU.Build.0 = Debug|Any CPU
		{0FF04C3E-C265-480C-A041-5A0C527546C5}.Release|Any CPU.ActiveCfg = Release|Any CPU
		{0FF04C3E-C265-480C-A041-5A0C527546C5}.Release|Any CPU.Build.0 = Release|Any CPU
		{C2450851-A8FA-4D13-B6A8-69A88B1555EB}.Debug|Any CPU.ActiveCfg = Debug|Any CPU
		{C2450851-A8FA-4D13-B6A8-69A88B1555EB}.Debug|Any CPU.Build.0 = Debug|Any CPU
		{C2450851-A8FA-4D13-B6A8-69A88B1555EB}.Release|Any CPU.ActiveCfg = Release|Any CPU
		{C2450851-A8FA-4D13-B6A8-69A88B1555EB}.Release|Any CPU.Build.0 = Release|Any CPU
		{2D3D3CEF-F46C-409D-9DDF-C8B178310CF7}.Debug|Any CPU.ActiveCfg = Debug|Any CPU
		{2D3D3CEF-F46C-409D-9DDF-C8B178310CF7}.Debug|Any CPU.Build.0 = Debug|Any CPU
		{2D3D3CEF-F46C-409D-9DDF-C8B178310CF7}.Release|Any CPU.ActiveCfg = Release|Any CPU
		{2D3D3CEF-F46C-409D-9DDF-C8B178310CF7}.Release|Any CPU.Build.0 = Release|Any CPU
		{B16DFFD0-2440-4F39-A176-2A84C0D3677C}.Debug|Any CPU.ActiveCfg = Debug|Any CPU
		{B16DFFD0-2440-4F39-A176-2A84C0D3677C}.Debug|Any CPU.Build.0 = Debug|Any CPU
		{B16DFFD0-2440-4F39-A176-2A84C0D3677C}.Release|Any CPU.ActiveCfg = Release|Any CPU
		{B16DFFD0-2440-4F39-A176-2A84C0D3677C}.Release|Any CPU.Build.0 = Release|Any CPU
		{7122E864-2748-4B50-BA21-3883B61A53EF}.Debug|Any CPU.ActiveCfg = Debug|Any CPU
		{7122E864-2748-4B50-BA21-3883B61A53EF}.Debug|Any CPU.Build.0 = Debug|Any CPU
		{7122E864-2748-4B50-BA21-3883B61A53EF}.Release|Any CPU.ActiveCfg = Release|Any CPU
		{7122E864-2748-4B50-BA21-3883B61A53EF}.Release|Any CPU.Build.0 = Release|Any CPU
		{9098EEC1-2DDA-4444-828A-1655F4B83D4F}.Debug|Any CPU.ActiveCfg = Debug|Any CPU
		{9098EEC1-2DDA-4444-828A-1655F4B83D4F}.Debug|Any CPU.Build.0 = Debug|Any CPU
		{9098EEC1-2DDA-4444-828A-1655F4B83D4F}.Release|Any CPU.ActiveCfg = Release|Any CPU
		{9098EEC1-2DDA-4444-828A-1655F4B83D4F}.Release|Any CPU.Build.0 = Release|Any CPU
		{DFA319C0-FBCC-48EC-A51A-756C07610B54}.Debug|Any CPU.ActiveCfg = Debug|Any CPU
		{DFA319C0-FBCC-48EC-A51A-756C07610B54}.Debug|Any CPU.Build.0 = Debug|Any CPU
		{DFA319C0-FBCC-48EC-A51A-756C07610B54}.Debug|Any CPU.Deploy.0 = Debug|Any CPU
		{DFA319C0-FBCC-48EC-A51A-756C07610B54}.Release|Any CPU.ActiveCfg = Release|Any CPU
		{DFA319C0-FBCC-48EC-A51A-756C07610B54}.Release|Any CPU.Build.0 = Release|Any CPU
		{DFA319C0-FBCC-48EC-A51A-756C07610B54}.Release|Any CPU.Deploy.0 = Release|Any CPU
	EndGlobalSection
	GlobalSection(SolutionProperties) = preSolution
		HideSolutionNode = FALSE
	EndGlobalSection
	GlobalSection(NestedProjects) = preSolution
		{0FF04C3E-C265-480C-A041-5A0C527546C5} = {E0691A47-4C8F-4202-B1FE-17A600BF8EB9}
		{C2450851-A8FA-4D13-B6A8-69A88B1555EB} = {E0691A47-4C8F-4202-B1FE-17A600BF8EB9}
		{2D3D3CEF-F46C-409D-9DDF-C8B178310CF7} = {E0691A47-4C8F-4202-B1FE-17A600BF8EB9}
		{B16DFFD0-2440-4F39-A176-2A84C0D3677C} = {E0691A47-4C8F-4202-B1FE-17A600BF8EB9}
		{7122E864-2748-4B50-BA21-3883B61A53EF} = {E0691A47-4C8F-4202-B1FE-17A600BF8EB9}
		{9098EEC1-2DDA-4444-828A-1655F4B83D4F} = {E0691A47-4C8F-4202-B1FE-17A600BF8EB9}
		{DFA319C0-FBCC-48EC-A51A-756C07610B54} = {7C90DB7B-4296-4DEF-842A-94AFEC2DF57F}
	EndGlobalSection
	GlobalSection(ExtensibilityGlobals) = postSolution
		SolutionGuid = {38DC14F1-A31C-4450-BE1C-E89A30AE9446}
	EndGlobalSection
EndGlobal
